<?xml version="1.0" encoding="utf-8"?>
<Project ToolsVersion="4.0" xmlns="http://schemas.microsoft.com/developer/msbuild/2003">
  <ItemGroup>
    <Filter Include="Source Files">
      <UniqueIdentifier>{4FC737F1-C7A5-4376-A066-2A32D752A2FF}</UniqueIdentifier>
      <Extensions>cpp;c;cc;cxx;c++;cppm;ixx;def;odl;idl;hpj;bat;asm;asmx</Extensions>
    </Filter>
    <Filter Include="Header Files">
      <UniqueIdentifier>{93995380-89BD-4b04-88EB-625FBE52EBFB}</UniqueIdentifier>
      <Extensions>h;hh;hpp;hxx;h++;hm;inl;inc;ipp;xsd</Extensions>
    </Filter>
    <Filter Include="Resource Files">
      <UniqueIdentifier>{67DA6AB6-F800-4c08-8B7A-83BB121AAD01}</UniqueIdentifier>
      <Extensions>rc;ico;cur;bmp;dlg;rc2;rct;bin;rgs;gif;jpg;jpeg;jpe;resx;tiff;tif;png;wav;mfcribbon-ms</Extensions>
    </Filter>
    <Filter Include="Scene">
      <UniqueIdentifier>{7d54893b-cd44-4052-994f-12801c7834f9}</UniqueIdentifier>
    </Filter>
    <Filter Include="Objects">
      <UniqueIdentifier>{10403291-c099-4097-9427-555375961d28}</UniqueIdentifier>
    </Filter>
    <Filter Include="Objects\Button">
      <UniqueIdentifier>{869e8867-7d94-462a-a325-88ddafdd8f50}</UniqueIdentifier>
    </Filter>
    <Filter Include="Objects\Text">
      <UniqueIdentifier>{7c1ecf9c-8406-4fc5-ab97-68d4c17476e9}</UniqueIdentifier>
    </Filter>
  </ItemGroup>
  <ItemGroup>
    <ClCompile Include="main.cpp">
      <Filter>Source Files</Filter>
    </ClCompile>
    <ClCompile Include="GameEngine.cpp">
      <Filter>Source Files</Filter>
    </ClCompile>
    <ClCompile Include="Scenes\Scene.cpp">
      <Filter>Scene</Filter>
    </ClCompile>
    <ClCompile Include="Scenes\MainMenu.cpp">
      <Filter>Scene</Filter>
    </ClCompile>
    <ClCompile Include="Scenes\GameScene.cpp">
      <Filter>Scene</Filter>
    </ClCompile>
    <ClCompile Include="Objects\Button\Button.cpp">
      <Filter>Objects\Button</Filter>
    </ClCompile>
    <ClCompile Include="Objects\Text\Text.cpp">
      <Filter>Objects\Text</Filter>
    </ClCompile>
    <ClCompile Include="Events\EventHandler.cpp">
      <Filter>Source Files</Filter>
    </ClCompile>
    <ClCompile Include="Events\MainMenuEvent.cpp">
      <Filter>Source Files</Filter>
    </ClCompile>
    <ClCompile Include="Events\GameSceneEvent.cpp">
      <Filter>Source Files</Filter>
    </ClCompile>
    <ClCompile Include="Objects\Platform\Platform.cpp">
      <Filter>Source Files</Filter>
    </ClCompile>
    <ClCompile Include="Objects\Ball\Ball.cpp">
      <Filter>Source Files</Filter>
    </ClCompile>
    <ClCompile Include="Collidable.cpp">
      <Filter>Source Files</Filter>
    </ClCompile>
  </ItemGroup>
  <ItemGroup>
    <ClInclude Include="GameEngine.h">
      <Filter>Header Files</Filter>
    </ClInclude>
    <ClInclude Include="Scenes\GameScene.h">
      <Filter>Scene</Filter>
    </ClInclude>
    <ClInclude Include="Scenes\MainMenu.h">
      <Filter>Scene</Filter>
    </ClInclude>
    <ClInclude Include="Scenes\Scene.h">
      <Filter>Scene</Filter>
    </ClInclude>
    <ClInclude Include="Objects\Button\Button.h">
      <Filter>Objects\Button</Filter>
    </ClInclude>
    <ClInclude Include="Objects\Text\Text.h">
      <Filter>Objects\Text</Filter>
    </ClInclude>
    <ClInclude Include="Events\EventHandler.h">
      <Filter>Header Files</Filter>
    </ClInclude>
    <ClInclude Include="Events\MainMenuEvent.h">
      <Filter>Header Files</Filter>
    </ClInclude>
    <ClInclude Include="Events\GameSceneEvent.h">
      <Filter>Header Files</Filter>
    </ClInclude>
    <ClInclude Include="Objects\Platform\Platform.h">
      <Filter>Header Files</Filter>
    </ClInclude>
    <ClInclude Include="Objects\Ball\Ball.h">
      <Filter>Header Files</Filter>
    </ClInclude>
    <ClInclude Include="Collidable.h">
      <Filter>Header Files</Filter>
    </ClInclude>
  </ItemGroup>
</Project>